
Microsoft Visual Studio Solution File, Format Version 12.00
# Visual Studio 15
VisualStudioVersion = 15.0.28307.1000
MinimumVisualStudioVersion = 10.0.40219.1
Project("{FAE04EC0-301F-11D3-BF4B-00C04F79EFBC}") = "MAPSR17Archive.Core", "MAPSR17Archive.Core\MAPSR17Archive.Core.csproj", "{030E7B55-7550-4D91-9E86-1736DD2077B8}"
EndProject
Project("{FAE04EC0-301F-11D3-BF4B-00C04F79EFBC}") = "MAPSR17Archive.Services", "MAPSR17Archive.Services\MAPSR17Archive.Services.csproj", "{80D3156F-1278-48EF-8E61-1C6FAB6AA57D}"
EndProject
Global
	GlobalSection(SolutionConfigurationPlatforms) = preSolution
		Debug|Any CPU = Debug|Any CPU
		Release|Any CPU = Release|Any CPU
	EndGlobalSection
	GlobalSection(ProjectConfigurationPlatforms) = postSolution
		{030E7B55-7550-4D91-9E86-1736DD2077B8}.Debug|Any CPU.ActiveCfg = Debug|Any CPU
		{030E7B55-7550-4D91-9E86-1736DD2077B8}.Debug|Any CPU.Build.0 = Debug|Any CPU
		{030E7B55-7550-4D91-9E86-1736DD2077B8}.Release|Any CPU.ActiveCfg = Release|Any CPU
		{030E7B55-7550-4D91-9E86-1736DD2077B8}.Release|Any CPU.Build.0 = Release|Any CPU
		{80D3156F-1278-48EF-8E61-1C6FAB6AA57D}.Debug|Any CPU.ActiveCfg = Debug|Any CPU
		{80D3156F-1278-48EF-8E61-1C6FAB6AA57D}.Debug|Any CPU.Build.0 = Debug|Any CPU
		{80D3156F-1278-48EF-8E61-1C6FAB6AA57D}.Release|Any CPU.ActiveCfg = Release|Any CPU
		{80D3156F-1278-48EF-8E61-1C6FAB6AA57D}.Release|Any CPU.Build.0 = Release|Any CPU
	EndGlobalSection
	GlobalSection(SolutionProperties) = preSolution
		HideSolutionNode = FALSE
	EndGlobalSection
	GlobalSection(ExtensibilityGlobals) = postSolution
		SolutionGuid = {B5AE0FE7-472F-416A-BCA9-9A39A8D3EC67}
	EndGlobalSection
EndGlobal
